
Microsoft Visual Studio Solution File, Format Version 12.00
# Visual Studio Version 17
VisualStudioVersion = 17.2.32519.379
MinimumVisualStudioVersion = 10.0.40219.1
Project("{FAE04EC0-301F-11D3-BF4B-00C04F79EFBC}") = "Cards.Api", "Cards.Api\Cards.Api.csproj", "{01136189-69B8-4392-BA66-08A2088E50BE}"
EndProject
Global
	GlobalSection(SolutionConfigurationPlatforms) = preSolution
		Debug|Any CPU = Debug|Any CPU
		Release|Any CPU = Release|Any CPU
	EndGlobalSection
	GlobalSection(ProjectConfigurationPlatforms) = postSolution
		{01136189-69B8-4392-BA66-08A2088E50BE}.Debug|Any CPU.ActiveCfg = Debug|Any CPU
		{01136189-69B8-4392-BA66-08A2088E50BE}.Debug|Any CPU.Build.0 = Debug|Any CPU
		{01136189-69B8-4392-BA66-08A2088E50BE}.Release|Any CPU.ActiveCfg = Release|Any CPU
		{01136189-69B8-4392-BA66-08A2088E50BE}.Release|Any CPU.Build.0 = Release|Any CPU
	EndGlobalSection
	GlobalSection(SolutionProperties) = preSolution
		HideSolutionNode = FALSE
	EndGlobalSection
	GlobalSection(ExtensibilityGlobals) = postSolution
		SolutionGuid = {29EAB704-432E-4B66-A0EA-70EE464CBA2F}
	EndGlobalSection
EndGlobal
